
Microsoft Visual Studio Solution File, Format Version 12.00
# Visual Studio Version 17
VisualStudioVersion = 17.9.34407.89
MinimumVisualStudioVersion = 10.0.40219.1
Project("{9A19103F-16F7-4668-BE54-9A1E7A4F7556}") = "ciam", "ciam\ciam.csproj", "{FBEF95D0-91FF-4162-9369-DA36354280F5}"
EndProject
Global
	GlobalSection(SolutionConfigurationPlatforms) = preSolution
		Debug|Any CPU = Debug|Any CPU
		Release|Any CPU = Release|Any CPU
	EndGlobalSection
	GlobalSection(ProjectConfigurationPlatforms) = postSolution
		{FBEF95D0-91FF-4162-9369-DA36354280F5}.Debug|Any CPU.ActiveCfg = Debug|Any CPU
		{FBEF95D0-91FF-4162-9369-DA36354280F5}.Debug|Any CPU.Build.0 = Debug|Any CPU
		{FBEF95D0-91FF-4162-9369-DA36354280F5}.Release|Any CPU.ActiveCfg = Release|Any CPU
		{FBEF95D0-91FF-4162-9369-DA36354280F5}.Release|Any CPU.Build.0 = Release|Any CPU
	EndGlobalSection
	GlobalSection(SolutionProperties) = preSolution
		HideSolutionNode = FALSE
	EndGlobalSection
	GlobalSection(ExtensibilityGlobals) = postSolution
		SolutionGuid = {4BA7DA0E-1D2F-4E48-9C08-82DE94376191}
	EndGlobalSection
EndGlobal
